<?xml version="1.0" encoding="utf-8"?>
<Project ToolsVersion="4.0" xmlns="http://schemas.microsoft.com/developer/msbuild/2003">
  <ItemGroup>
    <Filter Include="Исходные файлы">
      <UniqueIdentifier>{4FC737F1-C7A5-4376-A066-2A32D752A2FF}</UniqueIdentifier>
      <Extensions>cpp;c;cc;cxx;c++;cppm;ixx;def;odl;idl;hpj;bat;asm;asmx</Extensions>
    </Filter>
    <Filter Include="Файлы заголовков">
      <UniqueIdentifier>{93995380-89BD-4b04-88EB-625FBE52EBFB}</UniqueIdentifier>
      <Extensions>h;hh;hpp;hxx;h++;hm;inl;inc;ipp;xsd</Extensions>
    </Filter>
    <Filter Include="Файлы ресурсов">
      <UniqueIdentifier>{67DA6AB6-F800-4c08-8B7A-83BB121AAD01}</UniqueIdentifier>
      <Extensions>rc;ico;cur;bmp;dlg;rc2;rct;bin;rgs;gif;jpg;jpeg;jpe;resx;tiff;tif;png;wav;mfcribbon-ms</Extensions>
    </Filter>
  </ItemGroup>
  <ItemGroup>
    <ClCompile Include="main.c">
      <Filter>Файлы ресурсов</Filter>
    </ClCompile>
    <ClCompile Include="address.c">
      <Filter>Файлы ресурсов</Filter>
    </ClCompile>
    <ClCompile Include="brand.c">
      <Filter>Файлы ресурсов</Filter>
    </ClCompile>
    <ClCompile Include="product.c">
      <Filter>Файлы ресурсов</Filter>
    </ClCompile>
    <ClCompile Include="date.c">
      <Filter>Файлы ресурсов</Filter>
    </ClCompile>
    <ClCompile Include="order.c">
      <Filter>Файлы ресурсов</Filter>
    </ClCompile>
    <ClCompile Include="customer.c">
      <Filter>Файлы ресурсов</Filter>
    </ClCompile>
    <ClCompile Include="supplier.c">
      <Filter>Файлы ресурсов</Filter>
    </ClCompile>
    <ClCompile Include="category.c">
      <Filter>Файлы ресурсов</Filter>
    </ClCompile>
    <ClCompile Include="exe.c">
      <Filter>Файлы ресурсов</Filter>
    </ClCompile>
    <ClCompile Include="ProductManager.c">
      <Filter>Файлы ресурсов</Filter>
    </ClCompile>
    <ClCompile Include="BrandManager.c">
      <Filter>Файлы ресурсов</Filter>
    </ClCompile>
    <ClCompile Include="categoryManager.c">
      <Filter>Файлы ресурсов</Filter>
    </ClCompile>
    <ClCompile Include="CustomerManager.c">
      <Filter>Файлы ресурсов</Filter>
    </ClCompile>
    <ClCompile Include="OrderManager.c">
      <Filter>Файлы ресурсов</Filter>
    </ClCompile>
    <ClCompile Include="SupplierManager.c">
      <Filter>Файлы ресурсов</Filter>
    </ClCompile>
    <ClCompile Include="CommonFunctions.c">
      <Filter>Файлы ресурсов</Filter>
    </ClCompile>
  </ItemGroup>
  <ItemGroup>
    <ClInclude Include="address.h">
      <Filter>Файлы заголовков</Filter>
    </ClInclude>
    <ClInclude Include="brand.h">
      <Filter>Файлы заголовков</Filter>
    </ClInclude>
    <ClInclude Include="product.h">
      <Filter>Файлы заголовков</Filter>
    </ClInclude>
    <ClInclude Include="date.h">
      <Filter>Файлы заголовков</Filter>
    </ClInclude>
    <ClInclude Include="order.h">
      <Filter>Файлы заголовков</Filter>
    </ClInclude>
    <ClInclude Include="customer.h">
      <Filter>Файлы заголовков</Filter>
    </ClInclude>
    <ClInclude Include="supplier.h">
      <Filter>Файлы заголовков</Filter>
    </ClInclude>
    <ClInclude Include="category.h">
      <Filter>Файлы заголовков</Filter>
    </ClInclude>
    <ClInclude Include="exe.h">
      <Filter>Файлы заголовков</Filter>
    </ClInclude>
    <ClInclude Include="ProductManager.h">
      <Filter>Файлы заголовков</Filter>
    </ClInclude>
    <ClInclude Include="BrandManager.h">
      <Filter>Файлы заголовков</Filter>
    </ClInclude>
    <ClInclude Include="categoryManager.h">
      <Filter>Файлы заголовков</Filter>
    </ClInclude>
    <ClInclude Include="CustomerManager.h">
      <Filter>Файлы заголовков</Filter>
    </ClInclude>
    <ClInclude Include="OrderManager.h">
      <Filter>Файлы заголовков</Filter>
    </ClInclude>
    <ClInclude Include="SupplierManager.h">
      <Filter>Файлы заголовков</Filter>
    </ClInclude>
    <ClInclude Include="CommonFunctions.h">
      <Filter>Файлы заголовков</Filter>
    </ClInclude>
  </ItemGroup>
</Project>